<?xml version="1.0" encoding="utf-8"?>
<Project ToolsVersion="4.0" xmlns="http://schemas.microsoft.com/developer/msbuild/2003">
  <ItemGroup>
    <Filter Include="Source Files">
      <UniqueIdentifier>{4FC737F1-C7A5-4376-A066-2A32D752A2FF}</UniqueIdentifier>
      <Extensions>cpp;c;cc;cxx;def;odl;idl;hpj;bat;asm;asmx</Extensions>
    </Filter>
    <Filter Include="Header Files">
      <UniqueIdentifier>{93995380-89BD-4b04-88EB-625FBE52EBFB}</UniqueIdentifier>
      <Extensions>h;hh;hpp;hxx;hm;inl;inc;xsd</Extensions>
    </Filter>
    <Filter Include="Resource Files">
      <UniqueIdentifier>{67DA6AB6-F800-4c08-8B7A-83BB121AAD01}</UniqueIdentifier>
      <Extensions>rc;ico;cur;bmp;dlg;rc2;rct;bin;rgs;gif;jpg;jpeg;jpe;resx;tiff;tif;png;wav;mfcribbon-ms</Extensions>
    </Filter>
    <Filter Include="BaseImages">
      <UniqueIdentifier>{804ef2b8-a3ab-4ccf-b759-c36facdb9476}</UniqueIdentifier>
    </Filter>
    <Filter Include="CaffeTools">
      <UniqueIdentifier>{1f5d4d10-d4da-4393-bc7f-3599b9efec58}</UniqueIdentifier>
    </Filter>
  </ItemGroup>
  <ItemGroup>
    <Text Include="ReadMe.txt" />
  </ItemGroup>
  <ItemGroup>
    <ClInclude Include="MaitriseImageRec.h">
      <Filter>Header Files</Filter>
    </ClInclude>
    <ClInclude Include="MaitriseImageRecDlg.h">
      <Filter>Header Files</Filter>
    </ClInclude>
    <ClInclude Include="stdafx.h">
      <Filter>Header Files</Filter>
    </ClInclude>
    <ClInclude Include="targetver.h">
      <Filter>Header Files</Filter>
    </ClInclude>
    <ClInclude Include="Resource.h">
      <Filter>Header Files</Filter>
    </ClInclude>
    <ClInclude Include="CNN.h">
      <Filter>Header Files</Filter>
    </ClInclude>
    <ClInclude Include="KinectTreatment.h">
      <Filter>Header Files</Filter>
    </ClInclude>
    <ClInclude Include="GoogleVisionCNN.h">
      <Filter>Header Files</Filter>
    </ClInclude>
    <ClInclude Include="Selector.h">
      <Filter>Header Files</Filter>
    </ClInclude>
    <ClInclude Include="Dbout.h">
      <Filter>Header Files</Filter>
    </ClInclude>
    <ClInclude Include="FileManager.h">
      <Filter>Header Files</Filter>
    </ClInclude>
    <ClInclude Include="SaveImageDialog.h">
      <Filter>Header Files</Filter>
    </ClInclude>
    <ClInclude Include="CInputDialog.h">
      <Filter>Header Files</Filter>
    </ClInclude>
    <ClInclude Include="ImageTreatment.h">
      <Filter>Header Files</Filter>
    </ClInclude>
    <ClInclude Include="CaffeCNN.h">
      <Filter>Header Files</Filter>
    </ClInclude>
    <ClInclude Include="NtKinect.h">
      <Filter>Header Files</Filter>
    </ClInclude>
    <ClInclude Include="CaffeTools.h">
      <Filter>Header Files</Filter>
    </ClInclude>
    <ClInclude Include="ComputeImageMean.h">
      <Filter>Header Files</Filter>
    </ClInclude>
    <ClInclude Include="ConvertImageSet.h">
      <Filter>Header Files</Filter>
    </ClInclude>
    <ClInclude Include="ImgSegCNN.h">
      <Filter>Header Files</Filter>
    </ClInclude>
  </ItemGroup>
  <ItemGroup>
    <ClCompile Include="MaitriseImageRec.cpp">
      <Filter>Source Files</Filter>
    </ClCompile>
    <ClCompile Include="MaitriseImageRecDlg.cpp">
      <Filter>Source Files</Filter>
    </ClCompile>
    <ClCompile Include="stdafx.cpp">
      <Filter>Source Files</Filter>
    </ClCompile>
    <ClCompile Include="KinectTreatment.cpp">
      <Filter>Source Files</Filter>
    </ClCompile>
    <ClCompile Include="GoogleVisionCNN.cpp">
      <Filter>Source Files</Filter>
    </ClCompile>
    <ClCompile Include="Selector.cpp">
      <Filter>Source Files</Filter>
    </ClCompile>
    <ClCompile Include="Dbout.cpp">
      <Filter>Source Files</Filter>
    </ClCompile>
    <ClCompile Include="FileManager.cpp">
      <Filter>Source Files</Filter>
    </ClCompile>
    <ClCompile Include="SaveImageDialog.cpp">
      <Filter>Source Files</Filter>
    </ClCompile>
    <ClCompile Include="CInputDialog.cpp">
      <Filter>Source Files</Filter>
    </ClCompile>
    <ClCompile Include="ImageTreatment.cpp">
      <Filter>Source Files</Filter>
    </ClCompile>
    <ClCompile Include="CaffeCNN.cpp">
      <Filter>Source Files</Filter>
    </ClCompile>
    <ClCompile Include="caffe.cpp">
      <Filter>Source Files</Filter>
    </ClCompile>
    <ClCompile Include="ImgSegCNN.cpp">
      <Filter>Source Files</Filter>
    </ClCompile>
  </ItemGroup>
  <ItemGroup>
    <ResourceCompile Include="MaitriseImageRec.rc">
      <Filter>Resource Files</Filter>
    </ResourceCompile>
  </ItemGroup>
  <ItemGroup>
    <None Include="res\MaitriseImageRec.rc2">
      <Filter>Resource Files</Filter>
    </None>
    <None Include="GoogleCloud.py">
      <Filter>Header Files</Filter>
    </None>
  </ItemGroup>
  <ItemGroup>
    <Image Include="res\MaitriseImageRec.ico">
      <Filter>Resource Files</Filter>
    </Image>
    <Image Include="res\bitmap1.bmp">
      <Filter>Resource Files</Filter>
    </Image>
    <Image Include="res\PerrierIn.png.png">
      <Filter>Resource Files</Filter>
    </Image>
  </ItemGroup>
</Project>